// !$*UTF8*$!
{
	archiveVersion = 1;
	classes = {
	};
	objectVersion = 48;
	objects = {

/* Begin PBXBuildFile section */
		8B81EAA22018A27A008C6EEC /* AppDelegate.swift in Sources */ = {isa = PBXBuildFile; fileRef = 8B81EAA12018A27A008C6EEC /* AppDelegate.swift */; };
		8B81EAA42018A27A008C6EEC /* ViewController.swift in Sources */ = {isa = PBXBuildFile; fileRef = 8B81EAA32018A27A008C6EEC /* ViewController.swift */; };
		8B81EAA72018A27A008C6EEC /* Main.storyboard in Resources */ = {isa = PBXBuildFile; fileRef = 8B81EAA52018A27A008C6EEC /* Main.storyboard */; };
		8B81EAA92018A27A008C6EEC /* Assets.xcassets in Resources */ = {isa = PBXBuildFile; fileRef = 8B81EAA82018A27A008C6EEC /* Assets.xcassets */; };
		8B81EAAC2018A27A008C6EEC /* LaunchScreen.storyboard in Resources */ = {isa = PBXBuildFile; fileRef = 8B81EAAA2018A27A008C6EEC /* LaunchScreen.storyboard */; };
/* End PBXBuildFile section */

/* Begin PBXFileReference section */
		8B81EA9E2018A27A008C6EEC /* AdaptiveLayoutDemo.app */ = {isa = PBXFileReference; explicitFileType = wrapper.application; includeInIndex = 0; path = AdaptiveLayoutDemo.app; sourceTree = BUILT_PRODUCTS_DIR; };
		8B81EAA12018A27A008C6EEC /* AppDelegate.swift */ = {isa = PBXFileReference; lastKnownFileType = sourcecode.swift; path = AppDelegate.swift; sourceTree = "<group>"; };
		8B81EAA32018A27A008C6EEC /* ViewController.swift */ = {isa = PBXFileReference; lastKnownFileType = sourcecode.swift; path = ViewController.swift; sourceTree = "<group>"; };
		8B81EAA62018A27A008C6EEC /* Base */ = {isa = PBXFileReference; lastKnownFileType = file.storyboard; name = Base; path = Base.lproj/Main.storyboard; sourceTree = "<group>"; };
		8B81EAA82018A27A008C6EEC /* Assets.xcassets */ = {isa = PBXFileReference; lastKnownFileType = folder.assetcatalog; path = Assets.xcassets; sourceTree = "<group>"; };
		8B81EAAB2018A27A008C6EEC /* Base */ = {isa = PBXFileReference; lastKnownFileType = file.storyboard; name = Base; path = Base.lproj/LaunchScreen.storyboard; sourceTree = "<group>"; };
		8B81EAAD2018A27A008C6EEC /* Info.plist */ = {isa = PBXFileReference; lastKnownFileType = text.plist.xml; path = Info.plist; sourceTree = "<group>"; };
/* End PBXFileReference section */

/* Begin PBXFrameworksBuildPhase section */
		8B81EA9B2018A27A008C6EEC /* Frameworks */ = {
			isa = PBXFrameworksBuildPhase;
			buildActionMask = 2147483647;
			files = (
			);
			runOnlyForDeploymentPostprocessing = 0;
		};
/* End PBXFrameworksBuildPhase section */

/* Begin PBXGroup section */
		8B81EA952018A27A008C6EEC = {
			isa = PBXGroup;
			children = (
				8B81EAA02018A27A008C6EEC /* AdaptiveLayoutDemo */,
				8B81EA9F2018A27A008C6EEC /* Products */,
			);
			sourceTree = "<group>";
		};
		8B81EA9F2018A27A008C6EEC /* Products */ = {
			isa = PBXGroup;
			children = (
				8B81EA9E2018A27A008C6EEC /* AdaptiveLayoutDemo.app */,
			);
			name = Products;
			sourceTree = "<group>";
		};
		8B81EAA02018A27A008C6EEC /* AdaptiveLayoutDemo */ = {
			isa = PBXGroup;
			children = (
				8B81EAA12018A27A008C6EEC /* AppDelegate.swift */,
				8B81EAA32018A27A008C6EEC /* ViewController.swift */,
				8B81EAA52018A27A008C6EEC /* Main.storyboard */,
				8B81EAA82018A27A008C6EEC /* Assets.xcassets */,
				8B81EAAA2018A27A008C6EEC /* LaunchScreen.storyboard */,
				8B81EAAD2018A27A008C6EEC /* Info.plist */,
			);
			path = AdaptiveLayoutDemo;
			sourceTree = "<group>";
		};
/* End PBXGroup section */

/* Begin PBXNativeTarget section */
		8B81EA9D2018A27A008C6EEC /* AdaptiveLayoutDemo */ = {
			isa = PBXNativeTarget;
			buildConfigurationList = 8B81EAB02018A27A008C6EEC /* Build configuration list for PBXNativeTarget "AdaptiveLayoutDemo" */;
			buildPhases = (
				8B81EA9A2018A27A008C6EEC /* Sources */,
				8B81EA9B2018A27A008C6EEC /* Frameworks */,
				8B81EA9C2018A27A008C6EEC /* Resources */,
			);
			buildRules = (
			);
			dependencies = (
			);
			name = AdaptiveLayoutDemo;
			productName = AdaptiveLayoutDemo;
			productReference = 8B81EA9E2018A27A008C6EEC /* AdaptiveLayoutDemo.app */;
			productType = "com.apple.product-type.application";
		};
/* End PBXNativeTarget section */

/* Begin PBXProject section */
		8B81EA962018A27A008C6EEC /* Project object */ = {
			isa = PBXProject;
			attributes = {
				LastSwiftUpdateCheck = 0920;
				LastUpgradeCheck = 0920;
				ORGANIZATIONNAME = Codekul;
				TargetAttributes = {
					8B81EA9D2018A27A008C6EEC = {
						CreatedOnToolsVersion = 9.2;
						ProvisioningStyle = Automatic;
					};
				};
			};
			buildConfigurationList = 8B81EA992018A27A008C6EEC /* Build configuration list for PBXProject "AdaptiveLayoutDemo" */;
			compatibilityVersion = "Xcode 8.0";
			developmentRegion = en;
			hasScannedForEncodings = 0;
			knownRegions = (
				en,
				Base,
			);
			mainGroup = 8B81EA952018A27A008C6EEC;
			productRefGroup = 8B81EA9F2018A27A008C6EEC /* Products */;
			projectDirPath = "";
			projectRoot = "";
			targets = (
				8B81EA9D2018A27A008C6EEC /* AdaptiveLayoutDemo */,
			);
		};
/* End PBXProject section */

/* Begin PBXResourcesBuildPhase section */
		8B81EA9C2018A27A008C6EEC /* Resources */ = {
			isa = PBXResourcesBuildPhase;
			buildActionMask = 2147483647;
			files = (
				8B81EAAC2018A27A008C6EEC /* LaunchScreen.storyboard in Resources */,
				8B81EAA92018A27A008C6EEC /* Assets.xcassets in Resources */,
				8B81EAA72018A27A008C6EEC /* Main.storyboard in Resources */,
			);
			runOnlyForDeploymentPostprocessing = 0;
		};
/* End PBXResourcesBuildPhase section */

/* Begin PBXSourcesBuildPhase section */
		8B81EA9A2018A27A008C6EEC /* Sources */ = {
			isa = PBXSourcesBuildPhase;
			buildActionMask = 2147483647;
			files = (
				8B81EAA42018A27A008C6EEC /* ViewController.swift in Sources */,
				8B81EAA22018A27A008C6EEC /* AppDelegate.swift in Sources */,
			);
			runOnlyForDeploymentPostprocessing = 0;
		};
/* End PBXSourcesBuildPhase section */

/* Begin PBXVariantGroup section */
		8B81EAA52018A27A008C6EEC /* Main.storyboard */ = {
			isa = PBXVariantGroup;
			children = (
				8B81EAA62018A27A008C6EEC /* Base */,
			);
			name = Main.storyboard;
			sourceTree = "<group>";
		};
		8B81EAAA2018A27A008C6EEC /* LaunchScreen.storyboard */ = {
			isa = PBXVariantGroup;
			children = (
				8B81EAAB2018A27A008C6EEC /* Base */,
			);
			name = LaunchScreen.storyboard;
			sourceTree = "<group>";
		};
/* End PBXVariantGroup section */

/* Begin XCBuildConfiguration section */
		8B81EAAE2018A27A008C6EEC /* Debug */ = {
			isa = XCBuildConfiguration;
			buildSettings = {
				ALWAYS_SEARCH_USER_PATHS = NO;
				CLANG_ANALYZER_NONNULL = YES;
				CLANG_ANALYZER_NUMBER_OBJECT_CONVERSION = YES_AGGRESSIVE;
				CLANG_CXX_LANGUAGE_STANDARD = "gnu++14";
				CLANG_CXX_LIBRARY = "libc++";
				CLANG_ENABLE_MODULES = YES;
				CLANG_ENABLE_OBJC_ARC = YES;
				CLANG_WARN_BLOCK_CAPTURE_AUTORELEASING = YES;
				CLANG_WARN_BOOL_CONVERSION = YES;
				CLANG_WARN_COMMA = YES;
				CLANG_WARN_CONSTANT_CONVERSION = YES;
				CLANG_WARN_DIRECT_OBJC_ISA_USAGE = YES_ERROR;
				CLANG_WARN_DOCUMENTATION_COMMENTS = YES;
				CLANG_WARN_EMPTY_BODY = YES;
				CLANG_WARN_ENUM_CONVERSION = YES;
				CLANG_WARN_INFINITE_RECURSION = YES;
				CLANG_WARN_INT_CONVERSION = YES;
				CLANG_WARN_NON_LITERAL_NULL_CONVERSION = YES;
				CLANG_WARN_OBJC_LITERAL_CONVERSION = YES;
				CLANG_WARN_OBJC_ROOT_CLASS = YES_ERROR;
				CLANG_WARN_RANGE_LOOP_ANALYSIS = YES;
				CLANG_WARN_STRICT_PROTOTYPES = YES;
				CLANG_WARN_SUSPICIOUS_MOVE = YES;
				CLANG_WARN_UNGUARDED_AVAILABILITY = YES_AGGRESSIVE;
				CLANG_WARN_UNREACHABLE_CODE = YES;
				CLANG_WARN__DUPLICATE_METHOD_MATCH = YES;
				CODE_SIGN_IDENTITY = "iPhone Developer";
				COPY_PHASE_STRIP = NO;
				DEBUG_INFORMATION_FORMAT = dwarf;
				ENABLE_STRICT_OBJC_MSGSEND = YES;
				ENABLE_TESTABILITY = YES;
				GCC_C_LANGUAGE_STANDARD = gnu11;
				GCC_DYNAMIC_NO_PIC = NO;
				GCC_NO_COMMON_BLOCKS = YES;
				GCC_OPTIMIZATION_LEVEL = 0;
				GCC_PREPROCESSOR_DEFINITIONS = (
					"DEBUG=1",
					"$(inherited)",
				);
				GCC_WARN_64_TO_32_BIT_CONVERSION = YES;
				GCC_WARN_ABOUT_RETURN_TYPE = YES_ERROR;
				GCC_WARN_UNDECLARED_SELECTOR = YES;
				GCC_WARN_UNINITIALIZED_AUTOS = YES_AGGRESSIVE;
				GCC_WARN_UNUSED_FUNCTION = YES;
				GCC_WARN_UNUSED_VARIABLE = YES;
				IPHONEOS_DEPLOYMENT_TARGET = 11.2;
				MTL_ENABLE_DEBUG_INFO = YES;
				ONLY_ACTIVE_ARCH = YES;
				SDKROOT = iphoneos;
				SWIFT_ACTIVE_COMPILATION_CONDITIONS = DEBUG;
				SWIFT_OPTIMIZATION_LEVEL = "-Onone";
			};
			name = Debug;
		};
		8B81EAAF2018A27A008C6EEC /* Release */ = {
			isa = XCBuildConfiguration;
			buildSettings = {
				ALWAYS_SEARCH_USER_PATHS = NO;
				CLANG_ANALYZER_NONNULL = YES;
				CLANG_ANALYZER_NUMBER_OBJECT_CONVERSION = YES_AGGRESSIVE;
				CLANG_CXX_LANGUAGE_STANDARD = "gnu++14";
				CLANG_CXX_LIBRARY = "libc++";
				CLANG_ENABLE_MODULES = YES;
				CLANG_ENABLE_OBJC_ARC = YES;
				CLANG_WARN_BLOCK_CAPTURE_AUTORELEASING = YES;
				CLANG_WARN_BOOL_CONVERSION = YES;
				CLANG_WARN_COMMA = YES;
				CLANG_WARN_CONSTANT_CONVERSION = YES;
				CLANG_WARN_DIRECT_OBJC_ISA_USAGE = YES_ERROR;
				CLANG_WARN_DOCUMENTATION_COMMENTS = YES;
				CLANG_WARN_EMPTY_BODY = YES;
				CLANG_WARN_ENUM_CONVERSION = YES;
				CLANG_WARN_INFINITE_RECURSION = YES;
				CLANG_WARN_INT_CONVERSION = YES;
				CLANG_WARN_NON_LITERAL_NULL_CONVERSION = YES;
				CLANG_WARN_OBJC_LITERAL_CONVERSION = YES;
				CLANG_WARN_OBJC_ROOT_CLASS = YES_ERROR;
				CLANG_WARN_RANGE_LOOP_ANALYSIS = YES;
				CLANG_WARN_STRICT_PROTOTYPES = YES;
				CLANG_WARN_SUSPICIOUS_MOVE = YES;
				CLANG_WARN_UNGUARDED_AVAILABILITY = YES_AGGRESSIVE;
				CLANG_WARN_UNREACHABLE_CODE = YES;
				CLANG_WARN__DUPLICATE_METHOD_MATCH = YES;
				CODE_SIGN_IDENTITY = "iPhone Developer";
				COPY_PHASE_STRIP = NO;
				DEBUG_INFORMATION_FORMAT = "dwarf-with-dsym";
				ENABLE_NS_ASSERTIONS = NO;
				ENABLE_STRICT_OBJC_MSGSEND = YES;
				GCC_C_LANGUAGE_STANDARD = gnu11;
				GCC_NO_COMMON_BLOCKS = YES;
				GCC_WARN_64_TO_32_BIT_CONVERSION = YES;
				GCC_WARN_ABOUT_RETURN_TYPE = YES_ERROR;
				GCC_WARN_UNDECLARED_SELECTOR = YES;
				GCC_WARN_UNINITIALIZED_AUTOS = YES_AGGRESSIVE;
				GCC_WARN_UNUSED_FUNCTION = YES;
				GCC_WARN_UNUSED_VARIABLE = YES;
				IPHONEOS_DEPLOYMENT_TARGET = 11.2;
				MTL_ENABLE_DEBUG_INFO = NO;
				SDKROOT = iphoneos;
				SWIFT_OPTIMIZATION_LEVEL = "-Owholemodule";
				VALIDATE_PRODUCT = YES;
			};
			name = Release;
		};
		8B81EAB12018A27A008C6EEC /* Debug */ = {
			isa = XCBuildConfiguration;
			buildSettings = {
				ASSETCATALOG_COMPILER_APPICON_NAME = AppIcon;
				CODE_SIGN_STYLE = Automatic;
				INFOPLIST_FILE = AdaptiveLayoutDemo/Info.plist;
				LD_RUNPATH_SEARCH_PATHS = "$(inherited) @executable_path/Frameworks";
				PRODUCT_BUNDLE_IDENTIFIER = com.codekul.AdaptiveLayoutDemo;
				PRODUCT_NAME = "$(TARGET_NAME)";
				SWIFT_VERSION = 4.0;
				TARGETED_DEVICE_FAMILY = "1,2";
			};
			name = Debug;
		};
		8B81EAB22018A27A008C6EEC /* Release */ = {
			isa = XCBuildConfiguration;
			buildSettings = {
				ASSETCATALOG_COMPILER_APPICON_NAME = AppIcon;
				CODE_SIGN_STYLE = Automatic;
				INFOPLIST_FILE = AdaptiveLayoutDemo/Info.plist;
				LD_RUNPATH_SEARCH_PATHS = "$(inherited) @executable_path/Frameworks";
				PRODUCT_BUNDLE_IDENTIFIER = com.codekul.AdaptiveLayoutDemo;
				PRODUCT_NAME = "$(TARGET_NAME)";
				SWIFT_VERSION = 4.0;
				TARGETED_DEVICE_FAMILY = "1,2";
			};
			name = Release;
		};
/* End XCBuildConfiguration section */

/* Begin XCConfigurationList section */
		8B81EA992018A27A008C6EEC /* Build configuration list for PBXProject "AdaptiveLayoutDemo" */ = {
			isa = XCConfigurationList;
			buildConfigurations = (
				8B81EAAE2018A27A008C6EEC /* Debug */,
				8B81EAAF2018A27A008C6EEC /* Release */,
			);
			defaultConfigurationIsVisible = 0;
			defaultConfigurationName = Release;
		};
		8B81EAB02018A27A008C6EEC /* Build configuration list for PBXNativeTarget "AdaptiveLayoutDemo" */ = {
			isa = XCConfigurationList;
			buildConfigurations = (
				8B81EAB12018A27A008C6EEC /* Debug */,
				8B81EAB22018A27A008C6EEC /* Release */,
			);
			defaultConfigurationIsVisible = 0;
			defaultConfigurationName = Release;
		};
/* End XCConfigurationList section */
	};
	rootObject = 8B81EA962018A27A008C6EEC /* Project object */;
}
