// !$*UTF8*$!
{
	archiveVersion = 1;
	classes = {
	};
	objectVersion = 48;
	objects = {

/* Begin PBXBuildFile section */
		8B6E5BD42010BFA3009A59EB /* AppDelegate.swift in Sources */ = {isa = PBXBuildFile; fileRef = 8B6E5BD32010BFA3009A59EB /* AppDelegate.swift */; };
		8B6E5BD62010BFA3009A59EB /* ViewController.swift in Sources */ = {isa = PBXBuildFile; fileRef = 8B6E5BD52010BFA3009A59EB /* ViewController.swift */; };
		8B6E5BD92010BFA3009A59EB /* Main.storyboard in Resources */ = {isa = PBXBuildFile; fileRef = 8B6E5BD72010BFA3009A59EB /* Main.storyboard */; };
		8B6E5BDB2010BFA3009A59EB /* Assets.xcassets in Resources */ = {isa = PBXBuildFile; fileRef = 8B6E5BDA2010BFA3009A59EB /* Assets.xcassets */; };
		8B6E5BDE2010BFA3009A59EB /* LaunchScreen.storyboard in Resources */ = {isa = PBXBuildFile; fileRef = 8B6E5BDC2010BFA3009A59EB /* LaunchScreen.storyboard */; };
/* End PBXBuildFile section */

/* Begin PBXFileReference section */
		8B6E5BD02010BFA3009A59EB /* XMLParsingDemo.app */ = {isa = PBXFileReference; explicitFileType = wrapper.application; includeInIndex = 0; path = XMLParsingDemo.app; sourceTree = BUILT_PRODUCTS_DIR; };
		8B6E5BD32010BFA3009A59EB /* AppDelegate.swift */ = {isa = PBXFileReference; lastKnownFileType = sourcecode.swift; path = AppDelegate.swift; sourceTree = "<group>"; };
		8B6E5BD52010BFA3009A59EB /* ViewController.swift */ = {isa = PBXFileReference; lastKnownFileType = sourcecode.swift; path = ViewController.swift; sourceTree = "<group>"; };
		8B6E5BD82010BFA3009A59EB /* Base */ = {isa = PBXFileReference; lastKnownFileType = file.storyboard; name = Base; path = Base.lproj/Main.storyboard; sourceTree = "<group>"; };
		8B6E5BDA2010BFA3009A59EB /* Assets.xcassets */ = {isa = PBXFileReference; lastKnownFileType = folder.assetcatalog; path = Assets.xcassets; sourceTree = "<group>"; };
		8B6E5BDD2010BFA3009A59EB /* Base */ = {isa = PBXFileReference; lastKnownFileType = file.storyboard; name = Base; path = Base.lproj/LaunchScreen.storyboard; sourceTree = "<group>"; };
		8B6E5BDF2010BFA3009A59EB /* Info.plist */ = {isa = PBXFileReference; lastKnownFileType = text.plist.xml; path = Info.plist; sourceTree = "<group>"; };
/* End PBXFileReference section */

/* Begin PBXFrameworksBuildPhase section */
		8B6E5BCD2010BFA3009A59EB /* Frameworks */ = {
			isa = PBXFrameworksBuildPhase;
			buildActionMask = 2147483647;
			files = (
			);
			runOnlyForDeploymentPostprocessing = 0;
		};
/* End PBXFrameworksBuildPhase section */

/* Begin PBXGroup section */
		8B6E5BC72010BFA3009A59EB = {
			isa = PBXGroup;
			children = (
				8B6E5BD22010BFA3009A59EB /* XMLParsingDemo */,
				8B6E5BD12010BFA3009A59EB /* Products */,
			);
			sourceTree = "<group>";
		};
		8B6E5BD12010BFA3009A59EB /* Products */ = {
			isa = PBXGroup;
			children = (
				8B6E5BD02010BFA3009A59EB /* XMLParsingDemo.app */,
			);
			name = Products;
			sourceTree = "<group>";
		};
		8B6E5BD22010BFA3009A59EB /* XMLParsingDemo */ = {
			isa = PBXGroup;
			children = (
				8B6E5BD32010BFA3009A59EB /* AppDelegate.swift */,
				8B6E5BD52010BFA3009A59EB /* ViewController.swift */,
				8B6E5BD72010BFA3009A59EB /* Main.storyboard */,
				8B6E5BDA2010BFA3009A59EB /* Assets.xcassets */,
				8B6E5BDC2010BFA3009A59EB /* LaunchScreen.storyboard */,
				8B6E5BDF2010BFA3009A59EB /* Info.plist */,
			);
			path = XMLParsingDemo;
			sourceTree = "<group>";
		};
/* End PBXGroup section */

/* Begin PBXNativeTarget section */
		8B6E5BCF2010BFA3009A59EB /* XMLParsingDemo */ = {
			isa = PBXNativeTarget;
			buildConfigurationList = 8B6E5BE22010BFA3009A59EB /* Build configuration list for PBXNativeTarget "XMLParsingDemo" */;
			buildPhases = (
				8B6E5BCC2010BFA3009A59EB /* Sources */,
				8B6E5BCD2010BFA3009A59EB /* Frameworks */,
				8B6E5BCE2010BFA3009A59EB /* Resources */,
			);
			buildRules = (
			);
			dependencies = (
			);
			name = XMLParsingDemo;
			productName = XMLParsingDemo;
			productReference = 8B6E5BD02010BFA3009A59EB /* XMLParsingDemo.app */;
			productType = "com.apple.product-type.application";
		};
/* End PBXNativeTarget section */

/* Begin PBXProject section */
		8B6E5BC82010BFA3009A59EB /* Project object */ = {
			isa = PBXProject;
			attributes = {
				LastSwiftUpdateCheck = 0900;
				LastUpgradeCheck = 0900;
				ORGANIZATIONNAME = Codekul;
				TargetAttributes = {
					8B6E5BCF2010BFA3009A59EB = {
						CreatedOnToolsVersion = 9.0;
						ProvisioningStyle = Automatic;
					};
				};
			};
			buildConfigurationList = 8B6E5BCB2010BFA3009A59EB /* Build configuration list for PBXProject "XMLParsingDemo" */;
			compatibilityVersion = "Xcode 8.0";
			developmentRegion = en;
			hasScannedForEncodings = 0;
			knownRegions = (
				en,
				Base,
			);
			mainGroup = 8B6E5BC72010BFA3009A59EB;
			productRefGroup = 8B6E5BD12010BFA3009A59EB /* Products */;
			projectDirPath = "";
			projectRoot = "";
			targets = (
				8B6E5BCF2010BFA3009A59EB /* XMLParsingDemo */,
			);
		};
/* End PBXProject section */

/* Begin PBXResourcesBuildPhase section */
		8B6E5BCE2010BFA3009A59EB /* Resources */ = {
			isa = PBXResourcesBuildPhase;
			buildActionMask = 2147483647;
			files = (
				8B6E5BDE2010BFA3009A59EB /* LaunchScreen.storyboard in Resources */,
				8B6E5BDB2010BFA3009A59EB /* Assets.xcassets in Resources */,
				8B6E5BD92010BFA3009A59EB /* Main.storyboard in Resources */,
			);
			runOnlyForDeploymentPostprocessing = 0;
		};
/* End PBXResourcesBuildPhase section */

/* Begin PBXSourcesBuildPhase section */
		8B6E5BCC2010BFA3009A59EB /* Sources */ = {
			isa = PBXSourcesBuildPhase;
			buildActionMask = 2147483647;
			files = (
				8B6E5BD62010BFA3009A59EB /* ViewController.swift in Sources */,
				8B6E5BD42010BFA3009A59EB /* AppDelegate.swift in Sources */,
			);
			runOnlyForDeploymentPostprocessing = 0;
		};
/* End PBXSourcesBuildPhase section */

/* Begin PBXVariantGroup section */
		8B6E5BD72010BFA3009A59EB /* Main.storyboard */ = {
			isa = PBXVariantGroup;
			children = (
				8B6E5BD82010BFA3009A59EB /* Base */,
			);
			name = Main.storyboard;
			sourceTree = "<group>";
		};
		8B6E5BDC2010BFA3009A59EB /* LaunchScreen.storyboard */ = {
			isa = PBXVariantGroup;
			children = (
				8B6E5BDD2010BFA3009A59EB /* Base */,
			);
			name = LaunchScreen.storyboard;
			sourceTree = "<group>";
		};
/* End PBXVariantGroup section */

/* Begin XCBuildConfiguration section */
		8B6E5BE02010BFA3009A59EB /* Debug */ = {
			isa = XCBuildConfiguration;
			buildSettings = {
				ALWAYS_SEARCH_USER_PATHS = NO;
				CLANG_ANALYZER_NONNULL = YES;
				CLANG_ANALYZER_NUMBER_OBJECT_CONVERSION = YES_AGGRESSIVE;
				CLANG_CXX_LANGUAGE_STANDARD = "gnu++14";
				CLANG_CXX_LIBRARY = "libc++";
				CLANG_ENABLE_MODULES = YES;
				CLANG_ENABLE_OBJC_ARC = YES;
				CLANG_WARN_BLOCK_CAPTURE_AUTORELEASING = YES;
				CLANG_WARN_BOOL_CONVERSION = YES;
				CLANG_WARN_COMMA = YES;
				CLANG_WARN_CONSTANT_CONVERSION = YES;
				CLANG_WARN_DIRECT_OBJC_ISA_USAGE = YES_ERROR;
				CLANG_WARN_DOCUMENTATION_COMMENTS = YES;
				CLANG_WARN_EMPTY_BODY = YES;
				CLANG_WARN_ENUM_CONVERSION = YES;
				CLANG_WARN_INFINITE_RECURSION = YES;
				CLANG_WARN_INT_CONVERSION = YES;
				CLANG_WARN_NON_LITERAL_NULL_CONVERSION = YES;
				CLANG_WARN_OBJC_LITERAL_CONVERSION = YES;
				CLANG_WARN_OBJC_ROOT_CLASS = YES_ERROR;
				CLANG_WARN_RANGE_LOOP_ANALYSIS = YES;
				CLANG_WARN_STRICT_PROTOTYPES = YES;
				CLANG_WARN_SUSPICIOUS_MOVE = YES;
				CLANG_WARN_UNGUARDED_AVAILABILITY = YES_AGGRESSIVE;
				CLANG_WARN_UNREACHABLE_CODE = YES;
				CLANG_WARN__DUPLICATE_METHOD_MATCH = YES;
				CODE_SIGN_IDENTITY = "iPhone Developer";
				COPY_PHASE_STRIP = NO;
				DEBUG_INFORMATION_FORMAT = dwarf;
				ENABLE_STRICT_OBJC_MSGSEND = YES;
				ENABLE_TESTABILITY = YES;
				GCC_C_LANGUAGE_STANDARD = gnu11;
				GCC_DYNAMIC_NO_PIC = NO;
				GCC_NO_COMMON_BLOCKS = YES;
				GCC_OPTIMIZATION_LEVEL = 0;
				GCC_PREPROCESSOR_DEFINITIONS = (
					"DEBUG=1",
					"$(inherited)",
				);
				GCC_WARN_64_TO_32_BIT_CONVERSION = YES;
				GCC_WARN_ABOUT_RETURN_TYPE = YES_ERROR;
				GCC_WARN_UNDECLARED_SELECTOR = YES;
				GCC_WARN_UNINITIALIZED_AUTOS = YES_AGGRESSIVE;
				GCC_WARN_UNUSED_FUNCTION = YES;
				GCC_WARN_UNUSED_VARIABLE = YES;
				IPHONEOS_DEPLOYMENT_TARGET = 11.0;
				MTL_ENABLE_DEBUG_INFO = YES;
				ONLY_ACTIVE_ARCH = YES;
				SDKROOT = iphoneos;
				SWIFT_ACTIVE_COMPILATION_CONDITIONS = DEBUG;
				SWIFT_OPTIMIZATION_LEVEL = "-Onone";
			};
			name = Debug;
		};
		8B6E5BE12010BFA3009A59EB /* Release */ = {
			isa = XCBuildConfiguration;
			buildSettings = {
				ALWAYS_SEARCH_USER_PATHS = NO;
				CLANG_ANALYZER_NONNULL = YES;
				CLANG_ANALYZER_NUMBER_OBJECT_CONVERSION = YES_AGGRESSIVE;
				CLANG_CXX_LANGUAGE_STANDARD = "gnu++14";
				CLANG_CXX_LIBRARY = "libc++";
				CLANG_ENABLE_MODULES = YES;
				CLANG_ENABLE_OBJC_ARC = YES;
				CLANG_WARN_BLOCK_CAPTURE_AUTORELEASING = YES;
				CLANG_WARN_BOOL_CONVERSION = YES;
				CLANG_WARN_COMMA = YES;
				CLANG_WARN_CONSTANT_CONVERSION = YES;
				CLANG_WARN_DIRECT_OBJC_ISA_USAGE = YES_ERROR;
				CLANG_WARN_DOCUMENTATION_COMMENTS = YES;
				CLANG_WARN_EMPTY_BODY = YES;
				CLANG_WARN_ENUM_CONVERSION = YES;
				CLANG_WARN_INFINITE_RECURSION = YES;
				CLANG_WARN_INT_CONVERSION = YES;
				CLANG_WARN_NON_LITERAL_NULL_CONVERSION = YES;
				CLANG_WARN_OBJC_LITERAL_CONVERSION = YES;
				CLANG_WARN_OBJC_ROOT_CLASS = YES_ERROR;
				CLANG_WARN_RANGE_LOOP_ANALYSIS = YES;
				CLANG_WARN_STRICT_PROTOTYPES = YES;
				CLANG_WARN_SUSPICIOUS_MOVE = YES;
				CLANG_WARN_UNGUARDED_AVAILABILITY = YES_AGGRESSIVE;
				CLANG_WARN_UNREACHABLE_CODE = YES;
				CLANG_WARN__DUPLICATE_METHOD_MATCH = YES;
				CODE_SIGN_IDENTITY = "iPhone Developer";
				COPY_PHASE_STRIP = NO;
				DEBUG_INFORMATION_FORMAT = "dwarf-with-dsym";
				ENABLE_NS_ASSERTIONS = NO;
				ENABLE_STRICT_OBJC_MSGSEND = YES;
				GCC_C_LANGUAGE_STANDARD = gnu11;
				GCC_NO_COMMON_BLOCKS = YES;
				GCC_WARN_64_TO_32_BIT_CONVERSION = YES;
				GCC_WARN_ABOUT_RETURN_TYPE = YES_ERROR;
				GCC_WARN_UNDECLARED_SELECTOR = YES;
				GCC_WARN_UNINITIALIZED_AUTOS = YES_AGGRESSIVE;
				GCC_WARN_UNUSED_FUNCTION = YES;
				GCC_WARN_UNUSED_VARIABLE = YES;
				IPHONEOS_DEPLOYMENT_TARGET = 11.0;
				MTL_ENABLE_DEBUG_INFO = NO;
				SDKROOT = iphoneos;
				SWIFT_OPTIMIZATION_LEVEL = "-Owholemodule";
				VALIDATE_PRODUCT = YES;
			};
			name = Release;
		};
		8B6E5BE32010BFA3009A59EB /* Debug */ = {
			isa = XCBuildConfiguration;
			buildSettings = {
				ASSETCATALOG_COMPILER_APPICON_NAME = AppIcon;
				CODE_SIGN_STYLE = Automatic;
				INFOPLIST_FILE = XMLParsingDemo/Info.plist;
				LD_RUNPATH_SEARCH_PATHS = "$(inherited) @executable_path/Frameworks";
				PRODUCT_BUNDLE_IDENTIFIER = com.codekul.XMLParsingDemo;
				PRODUCT_NAME = "$(TARGET_NAME)";
				SWIFT_VERSION = 4.0;
				TARGETED_DEVICE_FAMILY = "1,2";
			};
			name = Debug;
		};
		8B6E5BE42010BFA3009A59EB /* Release */ = {
			isa = XCBuildConfiguration;
			buildSettings = {
				ASSETCATALOG_COMPILER_APPICON_NAME = AppIcon;
				CODE_SIGN_STYLE = Automatic;
				INFOPLIST_FILE = XMLParsingDemo/Info.plist;
				LD_RUNPATH_SEARCH_PATHS = "$(inherited) @executable_path/Frameworks";
				PRODUCT_BUNDLE_IDENTIFIER = com.codekul.XMLParsingDemo;
				PRODUCT_NAME = "$(TARGET_NAME)";
				SWIFT_VERSION = 4.0;
				TARGETED_DEVICE_FAMILY = "1,2";
			};
			name = Release;
		};
/* End XCBuildConfiguration section */

/* Begin XCConfigurationList section */
		8B6E5BCB2010BFA3009A59EB /* Build configuration list for PBXProject "XMLParsingDemo" */ = {
			isa = XCConfigurationList;
			buildConfigurations = (
				8B6E5BE02010BFA3009A59EB /* Debug */,
				8B6E5BE12010BFA3009A59EB /* Release */,
			);
			defaultConfigurationIsVisible = 0;
			defaultConfigurationName = Release;
		};
		8B6E5BE22010BFA3009A59EB /* Build configuration list for PBXNativeTarget "XMLParsingDemo" */ = {
			isa = XCConfigurationList;
			buildConfigurations = (
				8B6E5BE32010BFA3009A59EB /* Debug */,
				8B6E5BE42010BFA3009A59EB /* Release */,
			);
			defaultConfigurationIsVisible = 0;
			defaultConfigurationName = Release;
		};
/* End XCConfigurationList section */
	};
	rootObject = 8B6E5BC82010BFA3009A59EB /* Project object */;
}
